
Microsoft Visual Studio Solution File, Format Version 12.00
# Visual Studio Version 17
VisualStudioVersion = 17.7.34024.191
MinimumVisualStudioVersion = 10.0.40219.1
Project("{FAE04EC0-301F-11D3-BF4B-00C04F79EFBC}") = "ASPNET_MVC_PW_IntroTask1", "ASPNET_MVC_PW_IntroTask1\ASPNET_MVC_PW_IntroTask1.csproj", "{BC4B4919-CB13-4C8C-888D-8755D4DB4E44}"
EndProject
Global
	GlobalSection(SolutionConfigurationPlatforms) = preSolution
		Debug|Any CPU = Debug|Any CPU
		Release|Any CPU = Release|Any CPU
	EndGlobalSection
	GlobalSection(ProjectConfigurationPlatforms) = postSolution
		{BC4B4919-CB13-4C8C-888D-8755D4DB4E44}.Debug|Any CPU.ActiveCfg = Debug|Any CPU
		{BC4B4919-CB13-4C8C-888D-8755D4DB4E44}.Debug|Any CPU.Build.0 = Debug|Any CPU
		{BC4B4919-CB13-4C8C-888D-8755D4DB4E44}.Release|Any CPU.ActiveCfg = Release|Any CPU
		{BC4B4919-CB13-4C8C-888D-8755D4DB4E44}.Release|Any CPU.Build.0 = Release|Any CPU
	EndGlobalSection
	GlobalSection(SolutionProperties) = preSolution
		HideSolutionNode = FALSE
	EndGlobalSection
	GlobalSection(ExtensibilityGlobals) = postSolution
		SolutionGuid = {B0CAB105-29FF-4DDD-8710-5B18E930A1A2}
	EndGlobalSection
EndGlobal
